
Microsoft Visual Studio Solution File, Format Version 12.00
# Visual Studio Version 17
VisualStudioVersion = 17.10.34928.147
MinimumVisualStudioVersion = 10.0.40219.1
Project("{9A19103F-16F7-4668-BE54-9A1E7A4F7556}") = "BlazorShop", "BlazorShop.csproj", "{5B2A5034-1C4A-46D9-8A4F-9E9B12B42AFA}"
EndProject
Global
	GlobalSection(SolutionConfigurationPlatforms) = preSolution
		Debug|Any CPU = Debug|Any CPU
		Release|Any CPU = Release|Any CPU
	EndGlobalSection
	GlobalSection(ProjectConfigurationPlatforms) = postSolution
		{5B2A5034-1C4A-46D9-8A4F-9E9B12B42AFA}.Debug|Any CPU.ActiveCfg = Debug|Any CPU
		{5B2A5034-1C4A-46D9-8A4F-9E9B12B42AFA}.Debug|Any CPU.Build.0 = Debug|Any CPU
		{5B2A5034-1C4A-46D9-8A4F-9E9B12B42AFA}.Release|Any CPU.ActiveCfg = Release|Any CPU
		{5B2A5034-1C4A-46D9-8A4F-9E9B12B42AFA}.Release|Any CPU.Build.0 = Release|Any CPU
	EndGlobalSection
	GlobalSection(SolutionProperties) = preSolution
		HideSolutionNode = FALSE
	EndGlobalSection
	GlobalSection(ExtensibilityGlobals) = postSolution
		SolutionGuid = {006408E1-E3C3-49B9-BAAC-217099F73331}
	EndGlobalSection
EndGlobal
